// !$*UTF8*$!
{
	archiveVersion = 1;
	classes = {
	};
	objectVersion = 55;
	objects = {

/* Begin PBXBuildFile section */
		B1187ED52A0C481F006910AA /* ClothingItem.swift in Sources */ = {isa = PBXBuildFile; fileRef = B1187ED42A0C481F006910AA /* ClothingItem.swift */; };
		B1187ED72A0C485B006910AA /* ClothingRepository.swift in Sources */ = {isa = PBXBuildFile; fileRef = B1187ED62A0C485B006910AA /* ClothingRepository.swift */; };
		B1187EDA2A0C49D6006910AA /* SDWebImageSwiftUI in Frameworks */ = {isa = PBXBuildFile; productRef = B1187ED92A0C49D6006910AA /* SDWebImageSwiftUI */; };
		B1187F142A0C597D006910AA /* FirebaseAuth in Frameworks */ = {isa = PBXBuildFile; productRef = B1187F132A0C597D006910AA /* FirebaseAuth */; };
		B1187F162A0C597D006910AA /* FirebaseFirestore in Frameworks */ = {isa = PBXBuildFile; productRef = B1187F152A0C597D006910AA /* FirebaseFirestore */; };
		B1187F182A0C597D006910AA /* FirebaseFirestoreSwift in Frameworks */ = {isa = PBXBuildFile; productRef = B1187F172A0C597D006910AA /* FirebaseFirestoreSwift */; };
		B1187F1A2A0C597E006910AA /* FirebaseStorage in Frameworks */ = {isa = PBXBuildFile; productRef = B1187F192A0C597D006910AA /* FirebaseStorage */; };
		B16F76832A0C33FC0042BFCF /* LoginView.swift in Sources */ = {isa = PBXBuildFile; fileRef = B16F76822A0C33FC0042BFCF /* LoginView.swift */; };
		B16F76852A0C34150042BFCF /* RegistrationView.swift in Sources */ = {isa = PBXBuildFile; fileRef = B16F76842A0C34150042BFCF /* RegistrationView.swift */; };
		B16F76872A0C370D0042BFCF /* DigitalWardrobeView.swift in Sources */ = {isa = PBXBuildFile; fileRef = B16F76862A0C370D0042BFCF /* DigitalWardrobeView.swift */; };
		B16F76892A0C372A0042BFCF /* DailyOutfitRecomandationView.swift in Sources */ = {isa = PBXBuildFile; fileRef = B16F76882A0C372A0042BFCF /* DailyOutfitRecomandationView.swift */; };
		B1DB55BA2A0C28D800E062FE /* FashionAssistantApp.swift in Sources */ = {isa = PBXBuildFile; fileRef = B1DB55B92A0C28D800E062FE /* FashionAssistantApp.swift */; };
		B1DB55BC2A0C28D800E062FE /* ContentView.swift in Sources */ = {isa = PBXBuildFile; fileRef = B1DB55BB2A0C28D800E062FE /* ContentView.swift */; };
		B1DB55BE2A0C28DC00E062FE /* Assets.xcassets in Resources */ = {isa = PBXBuildFile; fileRef = B1DB55BD2A0C28DC00E062FE /* Assets.xcassets */; };
		B1DB55C12A0C28DC00E062FE /* Preview Assets.xcassets in Resources */ = {isa = PBXBuildFile; fileRef = B1DB55C02A0C28DC00E062FE /* Preview Assets.xcassets */; };
		B1DB55C82A0C29FC00E062FE /* GoogleService-Info.plist in Resources */ = {isa = PBXBuildFile; fileRef = B1DB55C72A0C29FC00E062FE /* GoogleService-Info.plist */; };
/* End PBXBuildFile section */

/* Begin PBXFileReference section */
		B1187ED42A0C481F006910AA /* ClothingItem.swift */ = {isa = PBXFileReference; lastKnownFileType = sourcecode.swift; path = ClothingItem.swift; sourceTree = "<group>"; };
		B1187ED62A0C485B006910AA /* ClothingRepository.swift */ = {isa = PBXFileReference; lastKnownFileType = sourcecode.swift; path = ClothingRepository.swift; sourceTree = "<group>"; };
		B16F76822A0C33FC0042BFCF /* LoginView.swift */ = {isa = PBXFileReference; lastKnownFileType = sourcecode.swift; path = LoginView.swift; sourceTree = "<group>"; };
		B16F76842A0C34150042BFCF /* RegistrationView.swift */ = {isa = PBXFileReference; lastKnownFileType = sourcecode.swift; path = RegistrationView.swift; sourceTree = "<group>"; };
		B16F76862A0C370D0042BFCF /* DigitalWardrobeView.swift */ = {isa = PBXFileReference; lastKnownFileType = sourcecode.swift; path = DigitalWardrobeView.swift; sourceTree = "<group>"; };
		B16F76882A0C372A0042BFCF /* DailyOutfitRecomandationView.swift */ = {isa = PBXFileReference; lastKnownFileType = sourcecode.swift; path = DailyOutfitRecomandationView.swift; sourceTree = "<group>"; };
		B1DB55B62A0C28D800E062FE /* FashionAssistant.app */ = {isa = PBXFileReference; explicitFileType = wrapper.application; includeInIndex = 0; path = FashionAssistant.app; sourceTree = BUILT_PRODUCTS_DIR; };
		B1DB55B92A0C28D800E062FE /* FashionAssistantApp.swift */ = {isa = PBXFileReference; lastKnownFileType = sourcecode.swift; path = FashionAssistantApp.swift; sourceTree = "<group>"; };
		B1DB55BB2A0C28D800E062FE /* ContentView.swift */ = {isa = PBXFileReference; lastKnownFileType = sourcecode.swift; path = ContentView.swift; sourceTree = "<group>"; };
		B1DB55BD2A0C28DC00E062FE /* Assets.xcassets */ = {isa = PBXFileReference; lastKnownFileType = folder.assetcatalog; path = Assets.xcassets; sourceTree = "<group>"; };
		B1DB55C02A0C28DC00E062FE /* Preview Assets.xcassets */ = {isa = PBXFileReference; lastKnownFileType = folder.assetcatalog; path = "Preview Assets.xcassets"; sourceTree = "<group>"; };
		B1DB55C72A0C29FC00E062FE /* GoogleService-Info.plist */ = {isa = PBXFileReference; fileEncoding = 4; lastKnownFileType = text.plist.xml; path = "GoogleService-Info.plist"; sourceTree = "<group>"; };
/* End PBXFileReference section */

/* Begin PBXFrameworksBuildPhase section */
		B1DB55B32A0C28D800E062FE /* Frameworks */ = {
			isa = PBXFrameworksBuildPhase;
			buildActionMask = 2147483647;
			files = (
				B1187EDA2A0C49D6006910AA /* SDWebImageSwiftUI in Frameworks */,
				B1187F142A0C597D006910AA /* FirebaseAuth in Frameworks */,
				B1187F162A0C597D006910AA /* FirebaseFirestore in Frameworks */,
				B1187F1A2A0C597E006910AA /* FirebaseStorage in Frameworks */,
				B1187F182A0C597D006910AA /* FirebaseFirestoreSwift in Frameworks */,
			);
			runOnlyForDeploymentPostprocessing = 0;
		};
/* End PBXFrameworksBuildPhase section */

/* Begin PBXGroup section */
		B1DB55AD2A0C28D800E062FE = {
			isa = PBXGroup;
			children = (
				B1DB55B82A0C28D800E062FE /* FashionAssistant */,
				B1DB55B72A0C28D800E062FE /* Products */,
			);
			sourceTree = "<group>";
		};
		B1DB55B72A0C28D800E062FE /* Products */ = {
			isa = PBXGroup;
			children = (
				B1DB55B62A0C28D800E062FE /* FashionAssistant.app */,
			);
			name = Products;
			sourceTree = "<group>";
		};
		B1DB55B82A0C28D800E062FE /* FashionAssistant */ = {
			isa = PBXGroup;
			children = (
				B1DB55B92A0C28D800E062FE /* FashionAssistantApp.swift */,
				B1DB55BB2A0C28D800E062FE /* ContentView.swift */,
				B16F76822A0C33FC0042BFCF /* LoginView.swift */,
				B16F76842A0C34150042BFCF /* RegistrationView.swift */,
				B16F76862A0C370D0042BFCF /* DigitalWardrobeView.swift */,
				B16F76882A0C372A0042BFCF /* DailyOutfitRecomandationView.swift */,
				B1187ED42A0C481F006910AA /* ClothingItem.swift */,
				B1187ED62A0C485B006910AA /* ClothingRepository.swift */,
				B1DB55BD2A0C28DC00E062FE /* Assets.xcassets */,
				B1DB55C72A0C29FC00E062FE /* GoogleService-Info.plist */,
				B1DB55BF2A0C28DC00E062FE /* Preview Content */,
			);
			path = FashionAssistant;
			sourceTree = "<group>";
		};
		B1DB55BF2A0C28DC00E062FE /* Preview Content */ = {
			isa = PBXGroup;
			children = (
				B1DB55C02A0C28DC00E062FE /* Preview Assets.xcassets */,
			);
			path = "Preview Content";
			sourceTree = "<group>";
		};
/* End PBXGroup section */

/* Begin PBXNativeTarget section */
		B1DB55B52A0C28D800E062FE /* FashionAssistant */ = {
			isa = PBXNativeTarget;
			buildConfigurationList = B1DB55C42A0C28DC00E062FE /* Build configuration list for PBXNativeTarget "FashionAssistant" */;
			buildPhases = (
				B1DB55B22A0C28D800E062FE /* Sources */,
				B1DB55B32A0C28D800E062FE /* Frameworks */,
				B1DB55B42A0C28D800E062FE /* Resources */,
			);
			buildRules = (
			);
			dependencies = (
			);
			name = FashionAssistant;
			packageProductDependencies = (
				B1187ED92A0C49D6006910AA /* SDWebImageSwiftUI */,
				B1187F132A0C597D006910AA /* FirebaseAuth */,
				B1187F152A0C597D006910AA /* FirebaseFirestore */,
				B1187F172A0C597D006910AA /* FirebaseFirestoreSwift */,
				B1187F192A0C597D006910AA /* FirebaseStorage */,
			);
			productName = FashionAssistant;
			productReference = B1DB55B62A0C28D800E062FE /* FashionAssistant.app */;
			productType = "com.apple.product-type.application";
		};
/* End PBXNativeTarget section */

/* Begin PBXProject section */
		B1DB55AE2A0C28D800E062FE /* Project object */ = {
			isa = PBXProject;
			attributes = {
				BuildIndependentTargetsInParallel = 1;
				LastSwiftUpdateCheck = 1340;
				LastUpgradeCheck = 1340;
				TargetAttributes = {
					B1DB55B52A0C28D800E062FE = {
						CreatedOnToolsVersion = 13.4.1;
					};
				};
			};
			buildConfigurationList = B1DB55B12A0C28D800E062FE /* Build configuration list for PBXProject "FashionAssistant" */;
			compatibilityVersion = "Xcode 13.0";
			developmentRegion = en;
			hasScannedForEncodings = 0;
			knownRegions = (
				en,
				Base,
			);
			mainGroup = B1DB55AD2A0C28D800E062FE;
			packageReferences = (
				B1187ED82A0C49D5006910AA /* XCRemoteSwiftPackageReference "SDWebImageSwiftUI" */,
				B1187F122A0C597D006910AA /* XCRemoteSwiftPackageReference "firebase-ios-sdk" */,
			);
			productRefGroup = B1DB55B72A0C28D800E062FE /* Products */;
			projectDirPath = "";
			projectRoot = "";
			targets = (
				B1DB55B52A0C28D800E062FE /* FashionAssistant */,
			);
		};
/* End PBXProject section */

/* Begin PBXResourcesBuildPhase section */
		B1DB55B42A0C28D800E062FE /* Resources */ = {
			isa = PBXResourcesBuildPhase;
			buildActionMask = 2147483647;
			files = (
				B1DB55C12A0C28DC00E062FE /* Preview Assets.xcassets in Resources */,
				B1DB55C82A0C29FC00E062FE /* GoogleService-Info.plist in Resources */,
				B1DB55BE2A0C28DC00E062FE /* Assets.xcassets in Resources */,
			);
			runOnlyForDeploymentPostprocessing = 0;
		};
/* End PBXResourcesBuildPhase section */

/* Begin PBXSourcesBuildPhase section */
		B1DB55B22A0C28D800E062FE /* Sources */ = {
			isa = PBXSourcesBuildPhase;
			buildActionMask = 2147483647;
			files = (
				B16F76892A0C372A0042BFCF /* DailyOutfitRecomandationView.swift in Sources */,
				B16F76832A0C33FC0042BFCF /* LoginView.swift in Sources */,
				B16F76872A0C370D0042BFCF /* DigitalWardrobeView.swift in Sources */,
				B1187ED72A0C485B006910AA /* ClothingRepository.swift in Sources */,
				B1DB55BC2A0C28D800E062FE /* ContentView.swift in Sources */,
				B1DB55BA2A0C28D800E062FE /* FashionAssistantApp.swift in Sources */,
				B16F76852A0C34150042BFCF /* RegistrationView.swift in Sources */,
				B1187ED52A0C481F006910AA /* ClothingItem.swift in Sources */,
			);
			runOnlyForDeploymentPostprocessing = 0;
		};
/* End PBXSourcesBuildPhase section */

/* Begin XCBuildConfiguration section */
		B1DB55C22A0C28DC00E062FE /* Debug */ = {
			isa = XCBuildConfiguration;
			buildSettings = {
				ALWAYS_SEARCH_USER_PATHS = NO;
				CLANG_ANALYZER_NONNULL = YES;
				CLANG_ANALYZER_NUMBER_OBJECT_CONVERSION = YES_AGGRESSIVE;
				CLANG_CXX_LANGUAGE_STANDARD = "gnu++17";
				CLANG_ENABLE_MODULES = YES;
				CLANG_ENABLE_OBJC_ARC = YES;
				CLANG_ENABLE_OBJC_WEAK = YES;
				CLANG_WARN_BLOCK_CAPTURE_AUTORELEASING = YES;
				CLANG_WARN_BOOL_CONVERSION = YES;
				CLANG_WARN_COMMA = YES;
				CLANG_WARN_CONSTANT_CONVERSION = YES;
				CLANG_WARN_DEPRECATED_OBJC_IMPLEMENTATIONS = YES;
				CLANG_WARN_DIRECT_OBJC_ISA_USAGE = YES_ERROR;
				CLANG_WARN_DOCUMENTATION_COMMENTS = YES;
				CLANG_WARN_EMPTY_BODY = YES;
				CLANG_WARN_ENUM_CONVERSION = YES;
				CLANG_WARN_INFINITE_RECURSION = YES;
				CLANG_WARN_INT_CONVERSION = YES;
				CLANG_WARN_NON_LITERAL_NULL_CONVERSION = YES;
				CLANG_WARN_OBJC_IMPLICIT_RETAIN_SELF = YES;
				CLANG_WARN_OBJC_LITERAL_CONVERSION = YES;
				CLANG_WARN_OBJC_ROOT_CLASS = YES_ERROR;
				CLANG_WARN_QUOTED_INCLUDE_IN_FRAMEWORK_HEADER = YES;
				CLANG_WARN_RANGE_LOOP_ANALYSIS = YES;
				CLANG_WARN_STRICT_PROTOTYPES = YES;
				CLANG_WARN_SUSPICIOUS_MOVE = YES;
				CLANG_WARN_UNGUARDED_AVAILABILITY = YES_AGGRESSIVE;
				CLANG_WARN_UNREACHABLE_CODE = YES;
				CLANG_WARN__DUPLICATE_METHOD_MATCH = YES;
				COPY_PHASE_STRIP = NO;
				DEBUG_INFORMATION_FORMAT = dwarf;
				ENABLE_STRICT_OBJC_MSGSEND = YES;
				ENABLE_TESTABILITY = YES;
				GCC_C_LANGUAGE_STANDARD = gnu11;
				GCC_DYNAMIC_NO_PIC = NO;
				GCC_NO_COMMON_BLOCKS = YES;
				GCC_OPTIMIZATION_LEVEL = 0;
				GCC_PREPROCESSOR_DEFINITIONS = (
					"DEBUG=1",
					"$(inherited)",
				);
				GCC_WARN_64_TO_32_BIT_CONVERSION = YES;
				GCC_WARN_ABOUT_RETURN_TYPE = YES_ERROR;
				GCC_WARN_UNDECLARED_SELECTOR = YES;
				GCC_WARN_UNINITIALIZED_AUTOS = YES_AGGRESSIVE;
				GCC_WARN_UNUSED_FUNCTION = YES;
				GCC_WARN_UNUSED_VARIABLE = YES;
				IPHONEOS_DEPLOYMENT_TARGET = 15.5;
				MTL_ENABLE_DEBUG_INFO = INCLUDE_SOURCE;
				MTL_FAST_MATH = YES;
				ONLY_ACTIVE_ARCH = YES;
				SDKROOT = iphoneos;
				SWIFT_ACTIVE_COMPILATION_CONDITIONS = DEBUG;
				SWIFT_OPTIMIZATION_LEVEL = "-Onone";
			};
			name = Debug;
		};
		B1DB55C32A0C28DC00E062FE /* Release */ = {
			isa = XCBuildConfiguration;
			buildSettings = {
				ALWAYS_SEARCH_USER_PATHS = NO;
				CLANG_ANALYZER_NONNULL = YES;
				CLANG_ANALYZER_NUMBER_OBJECT_CONVERSION = YES_AGGRESSIVE;
				CLANG_CXX_LANGUAGE_STANDARD = "gnu++17";
				CLANG_ENABLE_MODULES = YES;
				CLANG_ENABLE_OBJC_ARC = YES;
				CLANG_ENABLE_OBJC_WEAK = YES;
				CLANG_WARN_BLOCK_CAPTURE_AUTORELEASING = YES;
				CLANG_WARN_BOOL_CONVERSION = YES;
				CLANG_WARN_COMMA = YES;
				CLANG_WARN_CONSTANT_CONVERSION = YES;
				CLANG_WARN_DEPRECATED_OBJC_IMPLEMENTATIONS = YES;
				CLANG_WARN_DIRECT_OBJC_ISA_USAGE = YES_ERROR;
				CLANG_WARN_DOCUMENTATION_COMMENTS = YES;
				CLANG_WARN_EMPTY_BODY = YES;
				CLANG_WARN_ENUM_CONVERSION = YES;
				CLANG_WARN_INFINITE_RECURSION = YES;
				CLANG_WARN_INT_CONVERSION = YES;
				CLANG_WARN_NON_LITERAL_NULL_CONVERSION = YES;
				CLANG_WARN_OBJC_IMPLICIT_RETAIN_SELF = YES;
				CLANG_WARN_OBJC_LITERAL_CONVERSION = YES;
				CLANG_WARN_OBJC_ROOT_CLASS = YES_ERROR;
				CLANG_WARN_QUOTED_INCLUDE_IN_FRAMEWORK_HEADER = YES;
				CLANG_WARN_RANGE_LOOP_ANALYSIS = YES;
				CLANG_WARN_STRICT_PROTOTYPES = YES;
				CLANG_WARN_SUSPICIOUS_MOVE = YES;
				CLANG_WARN_UNGUARDED_AVAILABILITY = YES_AGGRESSIVE;
				CLANG_WARN_UNREACHABLE_CODE = YES;
				CLANG_WARN__DUPLICATE_METHOD_MATCH = YES;
				COPY_PHASE_STRIP = NO;
				DEBUG_INFORMATION_FORMAT = "dwarf-with-dsym";
				ENABLE_NS_ASSERTIONS = NO;
				ENABLE_STRICT_OBJC_MSGSEND = YES;
				GCC_C_LANGUAGE_STANDARD = gnu11;
				GCC_NO_COMMON_BLOCKS = YES;
				GCC_WARN_64_TO_32_BIT_CONVERSION = YES;
				GCC_WARN_ABOUT_RETURN_TYPE = YES_ERROR;
				GCC_WARN_UNDECLARED_SELECTOR = YES;
				GCC_WARN_UNINITIALIZED_AUTOS = YES_AGGRESSIVE;
				GCC_WARN_UNUSED_FUNCTION = YES;
				GCC_WARN_UNUSED_VARIABLE = YES;
				IPHONEOS_DEPLOYMENT_TARGET = 15.5;
				MTL_ENABLE_DEBUG_INFO = NO;
				MTL_FAST_MATH = YES;
				SDKROOT = iphoneos;
				SWIFT_COMPILATION_MODE = wholemodule;
				SWIFT_OPTIMIZATION_LEVEL = "-O";
				VALIDATE_PRODUCT = YES;
			};
			name = Release;
		};
		B1DB55C52A0C28DC00E062FE /* Debug */ = {
			isa = XCBuildConfiguration;
			buildSettings = {
				ASSETCATALOG_COMPILER_APPICON_NAME = AppIcon;
				ASSETCATALOG_COMPILER_GLOBAL_ACCENT_COLOR_NAME = AccentColor;
				CODE_SIGN_STYLE = Automatic;
				CURRENT_PROJECT_VERSION = 1;
				DEVELOPMENT_ASSET_PATHS = "\"FashionAssistant/Preview Content\"";
				DEVELOPMENT_TEAM = A8MXHZVCWN;
				ENABLE_PREVIEWS = YES;
				GENERATE_INFOPLIST_FILE = YES;
				INFOPLIST_KEY_UIApplicationSceneManifest_Generation = YES;
				INFOPLIST_KEY_UIApplicationSupportsIndirectInputEvents = YES;
				INFOPLIST_KEY_UILaunchScreen_Generation = YES;
				INFOPLIST_KEY_UISupportedInterfaceOrientations_iPad = "UIInterfaceOrientationPortrait UIInterfaceOrientationPortraitUpsideDown UIInterfaceOrientationLandscapeLeft UIInterfaceOrientationLandscapeRight";
				INFOPLIST_KEY_UISupportedInterfaceOrientations_iPhone = "UIInterfaceOrientationPortrait UIInterfaceOrientationLandscapeLeft UIInterfaceOrientationLandscapeRight";
				LD_RUNPATH_SEARCH_PATHS = (
					"$(inherited)",
					"@executable_path/Frameworks",
				);
				MARKETING_VERSION = 1.0;
				PRODUCT_BUNDLE_IDENTIFIER = com.stanCiprian.FashionAssistant;
				PRODUCT_NAME = "$(TARGET_NAME)";
				SWIFT_EMIT_LOC_STRINGS = YES;
				SWIFT_VERSION = 5.0;
				TARGETED_DEVICE_FAMILY = "1,2";
			};
			name = Debug;
		};
		B1DB55C62A0C28DC00E062FE /* Release */ = {
			isa = XCBuildConfiguration;
			buildSettings = {
				ASSETCATALOG_COMPILER_APPICON_NAME = AppIcon;
				ASSETCATALOG_COMPILER_GLOBAL_ACCENT_COLOR_NAME = AccentColor;
				CODE_SIGN_STYLE = Automatic;
				CURRENT_PROJECT_VERSION = 1;
				DEVELOPMENT_ASSET_PATHS = "\"FashionAssistant/Preview Content\"";
				DEVELOPMENT_TEAM = A8MXHZVCWN;
				ENABLE_PREVIEWS = YES;
				GENERATE_INFOPLIST_FILE = YES;
				INFOPLIST_KEY_UIApplicationSceneManifest_Generation = YES;
				INFOPLIST_KEY_UIApplicationSupportsIndirectInputEvents = YES;
				INFOPLIST_KEY_UILaunchScreen_Generation = YES;
				INFOPLIST_KEY_UISupportedInterfaceOrientations_iPad = "UIInterfaceOrientationPortrait UIInterfaceOrientationPortraitUpsideDown UIInterfaceOrientationLandscapeLeft UIInterfaceOrientationLandscapeRight";
				INFOPLIST_KEY_UISupportedInterfaceOrientations_iPhone = "UIInterfaceOrientationPortrait UIInterfaceOrientationLandscapeLeft UIInterfaceOrientationLandscapeRight";
				LD_RUNPATH_SEARCH_PATHS = (
					"$(inherited)",
					"@executable_path/Frameworks",
				);
				MARKETING_VERSION = 1.0;
				PRODUCT_BUNDLE_IDENTIFIER = com.stanCiprian.FashionAssistant;
				PRODUCT_NAME = "$(TARGET_NAME)";
				SWIFT_EMIT_LOC_STRINGS = YES;
				SWIFT_VERSION = 5.0;
				TARGETED_DEVICE_FAMILY = "1,2";
			};
			name = Release;
		};
/* End XCBuildConfiguration section */

/* Begin XCConfigurationList section */
		B1DB55B12A0C28D800E062FE /* Build configuration list for PBXProject "FashionAssistant" */ = {
			isa = XCConfigurationList;
			buildConfigurations = (
				B1DB55C22A0C28DC00E062FE /* Debug */,
				B1DB55C32A0C28DC00E062FE /* Release */,
			);
			defaultConfigurationIsVisible = 0;
			defaultConfigurationName = Release;
		};
		B1DB55C42A0C28DC00E062FE /* Build configuration list for PBXNativeTarget "FashionAssistant" */ = {
			isa = XCConfigurationList;
			buildConfigurations = (
				B1DB55C52A0C28DC00E062FE /* Debug */,
				B1DB55C62A0C28DC00E062FE /* Release */,
			);
			defaultConfigurationIsVisible = 0;
			defaultConfigurationName = Release;
		};
/* End XCConfigurationList section */

/* Begin XCRemoteSwiftPackageReference section */
		B1187ED82A0C49D5006910AA /* XCRemoteSwiftPackageReference "SDWebImageSwiftUI" */ = {
			isa = XCRemoteSwiftPackageReference;
			repositoryURL = "https://github.com/SDWebImage/SDWebImageSwiftUI.git";
			requirement = {
				kind = upToNextMajorVersion;
				minimumVersion = 2.0.0;
			};
		};
		B1187F122A0C597D006910AA /* XCRemoteSwiftPackageReference "firebase-ios-sdk" */ = {
			isa = XCRemoteSwiftPackageReference;
			repositoryURL = "https://github.com/firebase/firebase-ios-sdk";
			requirement = {
				kind = upToNextMajorVersion;
				minimumVersion = 9.0.0;
			};
		};
/* End XCRemoteSwiftPackageReference section */

/* Begin XCSwiftPackageProductDependency section */
		B1187ED92A0C49D6006910AA /* SDWebImageSwiftUI */ = {
			isa = XCSwiftPackageProductDependency;
			package = B1187ED82A0C49D5006910AA /* XCRemoteSwiftPackageReference "SDWebImageSwiftUI" */;
			productName = SDWebImageSwiftUI;
		};
		B1187F132A0C597D006910AA /* FirebaseAuth */ = {
			isa = XCSwiftPackageProductDependency;
			package = B1187F122A0C597D006910AA /* XCRemoteSwiftPackageReference "firebase-ios-sdk" */;
			productName = FirebaseAuth;
		};
		B1187F152A0C597D006910AA /* FirebaseFirestore */ = {
			isa = XCSwiftPackageProductDependency;
			package = B1187F122A0C597D006910AA /* XCRemoteSwiftPackageReference "firebase-ios-sdk" */;
			productName = FirebaseFirestore;
		};
		B1187F172A0C597D006910AA /* FirebaseFirestoreSwift */ = {
			isa = XCSwiftPackageProductDependency;
			package = B1187F122A0C597D006910AA /* XCRemoteSwiftPackageReference "firebase-ios-sdk" */;
			productName = FirebaseFirestoreSwift;
		};
		B1187F192A0C597D006910AA /* FirebaseStorage */ = {
			isa = XCSwiftPackageProductDependency;
			package = B1187F122A0C597D006910AA /* XCRemoteSwiftPackageReference "firebase-ios-sdk" */;
			productName = FirebaseStorage;
		};
/* End XCSwiftPackageProductDependency section */
	};
	rootObject = B1DB55AE2A0C28D800E062FE /* Project object */;
}
